{
  "name": "topic-memory",
  "version": "0.1.1",
  "lockfileVersion": 3,
  "requires": true,
  "packages": {
    "": {
      "name": "topic-memory",
      "version": "0.1.1",
      "license": "MIT",
      "devDependencies": {
        "@types/node": "^26.1.1",
        "fake-indexeddb": "^6.2.2",
        "typescript": "^5.9.3"
      },
      "engines": {
        "node": ">=18"
      }
    },
    "node_modules/@types/node": {
      "version": "26.5.1",
      "resolved": "https://registry.npmjs.org/@types/node/-/node-26.5.1.tgz",
      "integrity": "sha512-CzNm2FezW4VR/LjG6yUdiEgLE/rAQ9Slj5gCu/C2VrdcW7I0ahNZ8DRbHT7zOZ6r3ONgd/bsQIeSaoDGrd1C6g==",
      "dev": true,
      "license": "MIT",
      "dependencies": {
        "undici-types": "~8.9.0"
      }
    },
    "node_modules/fake-indexeddb": {
      "version": "6.2.5",
      "resolved": "https://registry.npmjs.org/fake-indexeddb/-/fake-indexeddb-6.2.5.tgz",
      "integrity": "sha512-CGnyrvbhPlWYMngksqrSSUT1BAVP49dZocrHuK0SvtR0D5TMs5wP0o3j7jexDJW01KSadjBp1M/71o/KR3nD1w==",
      "dev": true,
      "license": "Apache-2.0",
      "engines": {
        "node": ">=18"
      }
    },
    "node_modules/typescript": {
      "version": "5.9.3",
      "resolved": "https://registry.npmjs.org/typescript/-/typescript-5.9.3.tgz",
      "integrity": "sha512-jl1vZzPDinLr9eUt3J/t7V6FgNEw9QjvBPdysz9KfQDD41fQrC2Y4vKQdiaUpFT4bXlb1RHhLpp8wtm6M5TgSw==",
      "dev": true,
      "license": "Apache-2.0",
      "bin": {
        "tsc": "bin/tsc",
        "tsserver": "bin/tsserver"
      },
      "engines": {
        "node": ">=14.17"
      }
    },
    "node_modules/undici-types": {
      "version": "8.9.0",
      "resolved": "https://registry.npmjs.org/undici-types/-/undici-types-8.9.0.tgz",
      "integrity": "sha512-KTDyRTYX8sWmKXAikPHHSyc63CRPETMctyjKFupcC6OBLXT3xsN0e9aF7m+mIXutFWpUXuedtowG7iLOzp0kQg==",
      "dev": true,
      "license": "MIT"
    }
  }
}
